// !$*UTF8*$!
{
	archiveVersion = 1;
	classes = {
	};
	objectVersion = 46;
	objects = {

/* Begin PBXBuildFile section */
		C02590061E35F8F100112BC0 /* ZeusTabBar.m in Sources */ = {isa = PBXBuildFile; fileRef = C02590051E35F8F100112BC0 /* ZeusTabBar.m */; };
		C06FF2261E36FC4F00F17971 /* FirstViewController.m in Sources */ = {isa = PBXBuildFile; fileRef = C06FF2241E36FC4F00F17971 /* FirstViewController.m */; };
		C06FF2271E36FC4F00F17971 /* FirstViewController.xib in Resources */ = {isa = PBXBuildFile; fileRef = C06FF2251E36FC4F00F17971 /* FirstViewController.xib */; };
		C06FF22B1E36FC7700F17971 /* SecondViewController.m in Sources */ = {isa = PBXBuildFile; fileRef = C06FF2291E36FC7700F17971 /* SecondViewController.m */; };
		C06FF22C1E36FC7700F17971 /* SecondViewController.xib in Resources */ = {isa = PBXBuildFile; fileRef = C06FF22A1E36FC7700F17971 /* SecondViewController.xib */; };
		C06FF2301E36FC9400F17971 /* ThirdViewController.m in Sources */ = {isa = PBXBuildFile; fileRef = C06FF22E1E36FC9400F17971 /* ThirdViewController.m */; };
		C06FF2311E36FC9400F17971 /* ThirdViewController.xib in Resources */ = {isa = PBXBuildFile; fileRef = C06FF22F1E36FC9400F17971 /* ThirdViewController.xib */; };
		C06FF2351E36FCB200F17971 /* FourthViewController.m in Sources */ = {isa = PBXBuildFile; fileRef = C06FF2331E36FCB200F17971 /* FourthViewController.m */; };
		C06FF2361E36FCB200F17971 /* FourthViewController.xib in Resources */ = {isa = PBXBuildFile; fileRef = C06FF2341E36FCB200F17971 /* FourthViewController.xib */; };
		C06FF23A1E36FCD100F17971 /* FifthViewController.m in Sources */ = {isa = PBXBuildFile; fileRef = C06FF2381E36FCD100F17971 /* FifthViewController.m */; };
		C06FF23B1E36FCD100F17971 /* FifthViewController.xib in Resources */ = {isa = PBXBuildFile; fileRef = C06FF2391E36FCD100F17971 /* FifthViewController.xib */; };
		C06FF23F1E36FCFA00F17971 /* SixthViewController.m in Sources */ = {isa = PBXBuildFile; fileRef = C06FF23D1E36FCFA00F17971 /* SixthViewController.m */; };
		C06FF2401E36FCFA00F17971 /* SixthViewController.xib in Resources */ = {isa = PBXBuildFile; fileRef = C06FF23E1E36FCFA00F17971 /* SixthViewController.xib */; };
		C0AB80C51E31F56000B1AD07 /* main.m in Sources */ = {isa = PBXBuildFile; fileRef = C0AB80C41E31F56000B1AD07 /* main.m */; };
		C0AB80C81E31F56000B1AD07 /* AppDelegate.m in Sources */ = {isa = PBXBuildFile; fileRef = C0AB80C71E31F56000B1AD07 /* AppDelegate.m */; };
		C0AB80CE1E31F56100B1AD07 /* Main.storyboard in Resources */ = {isa = PBXBuildFile; fileRef = C0AB80CC1E31F56100B1AD07 /* Main.storyboard */; };
		C0AB80D01E31F56100B1AD07 /* Assets.xcassets in Resources */ = {isa = PBXBuildFile; fileRef = C0AB80CF1E31F56100B1AD07 /* Assets.xcassets */; };
		C0AB80D31E31F56100B1AD07 /* LaunchScreen.storyboard in Resources */ = {isa = PBXBuildFile; fileRef = C0AB80D11E31F56100B1AD07 /* LaunchScreen.storyboard */; };
		C0AB80DE1E31F56100B1AD07 /* MO_Tests.m in Sources */ = {isa = PBXBuildFile; fileRef = C0AB80DD1E31F56100B1AD07 /* MO_Tests.m */; };
		C0AB80E91E31F56100B1AD07 /* MO_UITests.m in Sources */ = {isa = PBXBuildFile; fileRef = C0AB80E81E31F56100B1AD07 /* MO_UITests.m */; };
		C0AB80F81E320EE600B1AD07 /* ZeusTabBarController.m in Sources */ = {isa = PBXBuildFile; fileRef = C0AB80F71E320EE600B1AD07 /* ZeusTabBarController.m */; };
/* End PBXBuildFile section */

/* Begin PBXContainerItemProxy section */
		C0AB80DA1E31F56100B1AD07 /* PBXContainerItemProxy */ = {
			isa = PBXContainerItemProxy;
			containerPortal = C0AB80B81E31F56000B1AD07 /* Project object */;
			proxyType = 1;
			remoteGlobalIDString = C0AB80BF1E31F56000B1AD07;
			remoteInfo = "MO勘";
		};
		C0AB80E51E31F56100B1AD07 /* PBXContainerItemProxy */ = {
			isa = PBXContainerItemProxy;
			containerPortal = C0AB80B81E31F56000B1AD07 /* Project object */;
			proxyType = 1;
			remoteGlobalIDString = C0AB80BF1E31F56000B1AD07;
			remoteInfo = "MO勘";
		};
/* End PBXContainerItemProxy section */

/* Begin PBXFileReference section */
		C02590041E35F8F100112BC0 /* ZeusTabBar.h */ = {isa = PBXFileReference; fileEncoding = 4; lastKnownFileType = sourcecode.c.h; path = ZeusTabBar.h; sourceTree = "<group>"; };
		C02590051E35F8F100112BC0 /* ZeusTabBar.m */ = {isa = PBXFileReference; fileEncoding = 4; lastKnownFileType = sourcecode.c.objc; path = ZeusTabBar.m; sourceTree = "<group>"; };
		C06FF2231E36FC4F00F17971 /* FirstViewController.h */ = {isa = PBXFileReference; fileEncoding = 4; lastKnownFileType = sourcecode.c.h; path = FirstViewController.h; sourceTree = "<group>"; };
		C06FF2241E36FC4F00F17971 /* FirstViewController.m */ = {isa = PBXFileReference; fileEncoding = 4; lastKnownFileType = sourcecode.c.objc; path = FirstViewController.m; sourceTree = "<group>"; };
		C06FF2251E36FC4F00F17971 /* FirstViewController.xib */ = {isa = PBXFileReference; fileEncoding = 4; lastKnownFileType = file.xib; path = FirstViewController.xib; sourceTree = "<group>"; };
		C06FF2281E36FC7700F17971 /* SecondViewController.h */ = {isa = PBXFileReference; fileEncoding = 4; lastKnownFileType = sourcecode.c.h; path = SecondViewController.h; sourceTree = "<group>"; };
		C06FF2291E36FC7700F17971 /* SecondViewController.m */ = {isa = PBXFileReference; fileEncoding = 4; lastKnownFileType = sourcecode.c.objc; path = SecondViewController.m; sourceTree = "<group>"; };
		C06FF22A1E36FC7700F17971 /* SecondViewController.xib */ = {isa = PBXFileReference; fileEncoding = 4; lastKnownFileType = file.xib; path = SecondViewController.xib; sourceTree = "<group>"; };
		C06FF22D1E36FC9400F17971 /* ThirdViewController.h */ = {isa = PBXFileReference; fileEncoding = 4; lastKnownFileType = sourcecode.c.h; path = ThirdViewController.h; sourceTree = "<group>"; };
		C06FF22E1E36FC9400F17971 /* ThirdViewController.m */ = {isa = PBXFileReference; fileEncoding = 4; lastKnownFileType = sourcecode.c.objc; path = ThirdViewController.m; sourceTree = "<group>"; };
		C06FF22F1E36FC9400F17971 /* ThirdViewController.xib */ = {isa = PBXFileReference; fileEncoding = 4; lastKnownFileType = file.xib; path = ThirdViewController.xib; sourceTree = "<group>"; };
		C06FF2321E36FCB200F17971 /* FourthViewController.h */ = {isa = PBXFileReference; fileEncoding = 4; lastKnownFileType = sourcecode.c.h; path = FourthViewController.h; sourceTree = "<group>"; };
		C06FF2331E36FCB200F17971 /* FourthViewController.m */ = {isa = PBXFileReference; fileEncoding = 4; lastKnownFileType = sourcecode.c.objc; path = FourthViewController.m; sourceTree = "<group>"; };
		C06FF2341E36FCB200F17971 /* FourthViewController.xib */ = {isa = PBXFileReference; fileEncoding = 4; lastKnownFileType = file.xib; path = FourthViewController.xib; sourceTree = "<group>"; };
		C06FF2371E36FCD100F17971 /* FifthViewController.h */ = {isa = PBXFileReference; fileEncoding = 4; lastKnownFileType = sourcecode.c.h; path = FifthViewController.h; sourceTree = "<group>"; };
		C06FF2381E36FCD100F17971 /* FifthViewController.m */ = {isa = PBXFileReference; fileEncoding = 4; lastKnownFileType = sourcecode.c.objc; path = FifthViewController.m; sourceTree = "<group>"; };
		C06FF2391E36FCD100F17971 /* FifthViewController.xib */ = {isa = PBXFileReference; fileEncoding = 4; lastKnownFileType = file.xib; path = FifthViewController.xib; sourceTree = "<group>"; };
		C06FF23C1E36FCFA00F17971 /* SixthViewController.h */ = {isa = PBXFileReference; fileEncoding = 4; lastKnownFileType = sourcecode.c.h; path = SixthViewController.h; sourceTree = "<group>"; };
		C06FF23D1E36FCFA00F17971 /* SixthViewController.m */ = {isa = PBXFileReference; fileEncoding = 4; lastKnownFileType = sourcecode.c.objc; path = SixthViewController.m; sourceTree = "<group>"; };
		C06FF23E1E36FCFA00F17971 /* SixthViewController.xib */ = {isa = PBXFileReference; fileEncoding = 4; lastKnownFileType = file.xib; path = SixthViewController.xib; sourceTree = "<group>"; };
		C0AB80C01E31F56000B1AD07 /* MO勘.app */ = {isa = PBXFileReference; explicitFileType = wrapper.application; includeInIndex = 0; path = "MO勘.app"; sourceTree = BUILT_PRODUCTS_DIR; };
		C0AB80C41E31F56000B1AD07 /* main.m */ = {isa = PBXFileReference; lastKnownFileType = sourcecode.c.objc; path = main.m; sourceTree = "<group>"; };
		C0AB80C61E31F56000B1AD07 /* AppDelegate.h */ = {isa = PBXFileReference; lastKnownFileType = sourcecode.c.h; path = AppDelegate.h; sourceTree = "<group>"; };
		C0AB80C71E31F56000B1AD07 /* AppDelegate.m */ = {isa = PBXFileReference; lastKnownFileType = sourcecode.c.objc; path = AppDelegate.m; sourceTree = "<group>"; };
		C0AB80CD1E31F56100B1AD07 /* Base */ = {isa = PBXFileReference; lastKnownFileType = file.storyboard; name = Base; path = Base.lproj/Main.storyboard; sourceTree = "<group>"; };
		C0AB80CF1E31F56100B1AD07 /* Assets.xcassets */ = {isa = PBXFileReference; lastKnownFileType = folder.assetcatalog; path = Assets.xcassets; sourceTree = "<group>"; };
		C0AB80D21E31F56100B1AD07 /* Base */ = {isa = PBXFileReference; lastKnownFileType = file.storyboard; name = Base; path = Base.lproj/LaunchScreen.storyboard; sourceTree = "<group>"; };
		C0AB80D41E31F56100B1AD07 /* Info.plist */ = {isa = PBXFileReference; lastKnownFileType = text.plist.xml; path = Info.plist; sourceTree = "<group>"; };
		C0AB80D91E31F56100B1AD07 /* MO勘Tests.xctest */ = {isa = PBXFileReference; explicitFileType = wrapper.cfbundle; includeInIndex = 0; path = "MO勘Tests.xctest"; sourceTree = BUILT_PRODUCTS_DIR; };
		C0AB80DD1E31F56100B1AD07 /* MO_Tests.m */ = {isa = PBXFileReference; lastKnownFileType = sourcecode.c.objc; path = MO_Tests.m; sourceTree = "<group>"; };
		C0AB80DF1E31F56100B1AD07 /* Info.plist */ = {isa = PBXFileReference; lastKnownFileType = text.plist.xml; path = Info.plist; sourceTree = "<group>"; };
		C0AB80E41E31F56100B1AD07 /* MO勘UITests.xctest */ = {isa = PBXFileReference; explicitFileType = wrapper.cfbundle; includeInIndex = 0; path = "MO勘UITests.xctest"; sourceTree = BUILT_PRODUCTS_DIR; };
		C0AB80E81E31F56100B1AD07 /* MO_UITests.m */ = {isa = PBXFileReference; lastKnownFileType = sourcecode.c.objc; path = MO_UITests.m; sourceTree = "<group>"; };
		C0AB80EA1E31F56100B1AD07 /* Info.plist */ = {isa = PBXFileReference; lastKnownFileType = text.plist.xml; path = Info.plist; sourceTree = "<group>"; };
		C0AB80F61E320EE600B1AD07 /* ZeusTabBarController.h */ = {isa = PBXFileReference; fileEncoding = 4; lastKnownFileType = sourcecode.c.h; path = ZeusTabBarController.h; sourceTree = "<group>"; };
		C0AB80F71E320EE600B1AD07 /* ZeusTabBarController.m */ = {isa = PBXFileReference; fileEncoding = 4; lastKnownFileType = sourcecode.c.objc; path = ZeusTabBarController.m; sourceTree = "<group>"; };
		C0AB80F91E32147300B1AD07 /* PrefixHeader.pch */ = {isa = PBXFileReference; lastKnownFileType = sourcecode.c.h; path = PrefixHeader.pch; sourceTree = "<group>"; };
/* End PBXFileReference section */

/* Begin PBXFrameworksBuildPhase section */
		C0AB80BD1E31F56000B1AD07 /* Frameworks */ = {
			isa = PBXFrameworksBuildPhase;
			buildActionMask = 2147483647;
			files = (
			);
			runOnlyForDeploymentPostprocessing = 0;
		};
		C0AB80D61E31F56100B1AD07 /* Frameworks */ = {
			isa = PBXFrameworksBuildPhase;
			buildActionMask = 2147483647;
			files = (
			);
			runOnlyForDeploymentPostprocessing = 0;
		};
		C0AB80E11E31F56100B1AD07 /* Frameworks */ = {
			isa = PBXFrameworksBuildPhase;
			buildActionMask = 2147483647;
			files = (
			);
			runOnlyForDeploymentPostprocessing = 0;
		};
/* End PBXFrameworksBuildPhase section */

/* Begin PBXGroup section */
		C0AB80B71E31F56000B1AD07 = {
			isa = PBXGroup;
			children = (
				C0AB80C21E31F56000B1AD07 /* MO勘 */,
				C0AB80DC1E31F56100B1AD07 /* MO勘Tests */,
				C0AB80E71E31F56100B1AD07 /* MO勘UITests */,
				C0AB80C11E31F56000B1AD07 /* Products */,
			);
			sourceTree = "<group>";
		};
		C0AB80C11E31F56000B1AD07 /* Products */ = {
			isa = PBXGroup;
			children = (
				C0AB80C01E31F56000B1AD07 /* MO勘.app */,
				C0AB80D91E31F56100B1AD07 /* MO勘Tests.xctest */,
				C0AB80E41E31F56100B1AD07 /* MO勘UITests.xctest */,
			);
			name = Products;
			sourceTree = "<group>";
		};
		C0AB80C21E31F56000B1AD07 /* MO勘 */ = {
			isa = PBXGroup;
			children = (
				C0AB80C61E31F56000B1AD07 /* AppDelegate.h */,
				C0AB80C71E31F56000B1AD07 /* AppDelegate.m */,
				C0AB80F61E320EE600B1AD07 /* ZeusTabBarController.h */,
				C0AB80F71E320EE600B1AD07 /* ZeusTabBarController.m */,
				C02590041E35F8F100112BC0 /* ZeusTabBar.h */,
				C02590051E35F8F100112BC0 /* ZeusTabBar.m */,
				C06FF2231E36FC4F00F17971 /* FirstViewController.h */,
				C06FF2241E36FC4F00F17971 /* FirstViewController.m */,
				C06FF2251E36FC4F00F17971 /* FirstViewController.xib */,
				C06FF2281E36FC7700F17971 /* SecondViewController.h */,
				C06FF2291E36FC7700F17971 /* SecondViewController.m */,
				C06FF22A1E36FC7700F17971 /* SecondViewController.xib */,
				C06FF22D1E36FC9400F17971 /* ThirdViewController.h */,
				C06FF22E1E36FC9400F17971 /* ThirdViewController.m */,
				C06FF22F1E36FC9400F17971 /* ThirdViewController.xib */,
				C06FF2321E36FCB200F17971 /* FourthViewController.h */,
				C06FF2331E36FCB200F17971 /* FourthViewController.m */,
				C06FF2341E36FCB200F17971 /* FourthViewController.xib */,
				C06FF2371E36FCD100F17971 /* FifthViewController.h */,
				C06FF2381E36FCD100F17971 /* FifthViewController.m */,
				C06FF2391E36FCD100F17971 /* FifthViewController.xib */,
				C06FF23C1E36FCFA00F17971 /* SixthViewController.h */,
				C06FF23D1E36FCFA00F17971 /* SixthViewController.m */,
				C06FF23E1E36FCFA00F17971 /* SixthViewController.xib */,
				C0AB80F91E32147300B1AD07 /* PrefixHeader.pch */,
				C0AB80CC1E31F56100B1AD07 /* Main.storyboard */,
				C0AB80CF1E31F56100B1AD07 /* Assets.xcassets */,
				C0AB80D11E31F56100B1AD07 /* LaunchScreen.storyboard */,
				C0AB80D41E31F56100B1AD07 /* Info.plist */,
				C0AB80C31E31F56000B1AD07 /* Supporting Files */,
			);
			path = "MO勘";
			sourceTree = "<group>";
		};
		C0AB80C31E31F56000B1AD07 /* Supporting Files */ = {
			isa = PBXGroup;
			children = (
				C0AB80C41E31F56000B1AD07 /* main.m */,
			);
			name = "Supporting Files";
			sourceTree = "<group>";
		};
		C0AB80DC1E31F56100B1AD07 /* MO勘Tests */ = {
			isa = PBXGroup;
			children = (
				C0AB80DD1E31F56100B1AD07 /* MO_Tests.m */,
				C0AB80DF1E31F56100B1AD07 /* Info.plist */,
			);
			path = "MO勘Tests";
			sourceTree = "<group>";
		};
		C0AB80E71E31F56100B1AD07 /* MO勘UITests */ = {
			isa = PBXGroup;
			children = (
				C0AB80E81E31F56100B1AD07 /* MO_UITests.m */,
				C0AB80EA1E31F56100B1AD07 /* Info.plist */,
			);
			path = "MO勘UITests";
			sourceTree = "<group>";
		};
/* End PBXGroup section */

/* Begin PBXNativeTarget section */
		C0AB80BF1E31F56000B1AD07 /* MO勘 */ = {
			isa = PBXNativeTarget;
			buildConfigurationList = C0AB80ED1E31F56100B1AD07 /* Build configuration list for PBXNativeTarget "MO勘" */;
			buildPhases = (
				C0AB80BC1E31F56000B1AD07 /* Sources */,
				C0AB80BD1E31F56000B1AD07 /* Frameworks */,
				C0AB80BE1E31F56000B1AD07 /* Resources */,
			);
			buildRules = (
			);
			dependencies = (
			);
			name = "MO勘";
			productName = "MO勘";
			productReference = C0AB80C01E31F56000B1AD07 /* MO勘.app */;
			productType = "com.apple.product-type.application";
		};
		C0AB80D81E31F56100B1AD07 /* MO勘Tests */ = {
			isa = PBXNativeTarget;
			buildConfigurationList = C0AB80F01E31F56100B1AD07 /* Build configuration list for PBXNativeTarget "MO勘Tests" */;
			buildPhases = (
				C0AB80D51E31F56100B1AD07 /* Sources */,
				C0AB80D61E31F56100B1AD07 /* Frameworks */,
				C0AB80D71E31F56100B1AD07 /* Resources */,
			);
			buildRules = (
			);
			dependencies = (
				C0AB80DB1E31F56100B1AD07 /* PBXTargetDependency */,
			);
			name = "MO勘Tests";
			productName = "MO勘Tests";
			productReference = C0AB80D91E31F56100B1AD07 /* MO勘Tests.xctest */;
			productType = "com.apple.product-type.bundle.unit-test";
		};
		C0AB80E31E31F56100B1AD07 /* MO勘UITests */ = {
			isa = PBXNativeTarget;
			buildConfigurationList = C0AB80F31E31F56100B1AD07 /* Build configuration list for PBXNativeTarget "MO勘UITests" */;
			buildPhases = (
				C0AB80E01E31F56100B1AD07 /* Sources */,
				C0AB80E11E31F56100B1AD07 /* Frameworks */,
				C0AB80E21E31F56100B1AD07 /* Resources */,
			);
			buildRules = (
			);
			dependencies = (
				C0AB80E61E31F56100B1AD07 /* PBXTargetDependency */,
			);
			name = "MO勘UITests";
			productName = "MO勘UITests";
			productReference = C0AB80E41E31F56100B1AD07 /* MO勘UITests.xctest */;
			productType = "com.apple.product-type.bundle.ui-testing";
		};
/* End PBXNativeTarget section */

/* Begin PBXProject section */
		C0AB80B81E31F56000B1AD07 /* Project object */ = {
			isa = PBXProject;
			attributes = {
				LastUpgradeCheck = 0810;
				ORGANIZATIONNAME = Zeus;
				TargetAttributes = {
					C0AB80BF1E31F56000B1AD07 = {
						CreatedOnToolsVersion = 8.1;
						ProvisioningStyle = Automatic;
					};
					C0AB80D81E31F56100B1AD07 = {
						CreatedOnToolsVersion = 8.1;
						ProvisioningStyle = Automatic;
						TestTargetID = C0AB80BF1E31F56000B1AD07;
					};
					C0AB80E31E31F56100B1AD07 = {
						CreatedOnToolsVersion = 8.1;
						ProvisioningStyle = Automatic;
						TestTargetID = C0AB80BF1E31F56000B1AD07;
					};
				};
			};
			buildConfigurationList = C0AB80BB1E31F56000B1AD07 /* Build configuration list for PBXProject "MO勘" */;
			compatibilityVersion = "Xcode 3.2";
			developmentRegion = English;
			hasScannedForEncodings = 0;
			knownRegions = (
				en,
				Base,
			);
			mainGroup = C0AB80B71E31F56000B1AD07;
			productRefGroup = C0AB80C11E31F56000B1AD07 /* Products */;
			projectDirPath = "";
			projectRoot = "";
			targets = (
				C0AB80BF1E31F56000B1AD07 /* MO勘 */,
				C0AB80D81E31F56100B1AD07 /* MO勘Tests */,
				C0AB80E31E31F56100B1AD07 /* MO勘UITests */,
			);
		};
/* End PBXProject section */

/* Begin PBXResourcesBuildPhase section */
		C0AB80BE1E31F56000B1AD07 /* Resources */ = {
			isa = PBXResourcesBuildPhase;
			buildActionMask = 2147483647;
			files = (
				C06FF23B1E36FCD100F17971 /* FifthViewController.xib in Resources */,
				C0AB80D31E31F56100B1AD07 /* LaunchScreen.storyboard in Resources */,
				C0AB80D01E31F56100B1AD07 /* Assets.xcassets in Resources */,
				C06FF2311E36FC9400F17971 /* ThirdViewController.xib in Resources */,
				C0AB80CE1E31F56100B1AD07 /* Main.storyboard in Resources */,
				C06FF2361E36FCB200F17971 /* FourthViewController.xib in Resources */,
				C06FF2271E36FC4F00F17971 /* FirstViewController.xib in Resources */,
				C06FF2401E36FCFA00F17971 /* SixthViewController.xib in Resources */,
				C06FF22C1E36FC7700F17971 /* SecondViewController.xib in Resources */,
			);
			runOnlyForDeploymentPostprocessing = 0;
		};
		C0AB80D71E31F56100B1AD07 /* Resources */ = {
			isa = PBXResourcesBuildPhase;
			buildActionMask = 2147483647;
			files = (
			);
			runOnlyForDeploymentPostprocessing = 0;
		};
		C0AB80E21E31F56100B1AD07 /* Resources */ = {
			isa = PBXResourcesBuildPhase;
			buildActionMask = 2147483647;
			files = (
			);
			runOnlyForDeploymentPostprocessing = 0;
		};
/* End PBXResourcesBuildPhase section */

/* Begin PBXSourcesBuildPhase section */
		C0AB80BC1E31F56000B1AD07 /* Sources */ = {
			isa = PBXSourcesBuildPhase;
			buildActionMask = 2147483647;
			files = (
				C02590061E35F8F100112BC0 /* ZeusTabBar.m in Sources */,
				C06FF2261E36FC4F00F17971 /* FirstViewController.m in Sources */,
				C06FF2301E36FC9400F17971 /* ThirdViewController.m in Sources */,
				C06FF22B1E36FC7700F17971 /* SecondViewController.m in Sources */,
				C0AB80C81E31F56000B1AD07 /* AppDelegate.m in Sources */,
				C06FF2351E36FCB200F17971 /* FourthViewController.m in Sources */,
				C0AB80F81E320EE600B1AD07 /* ZeusTabBarController.m in Sources */,
				C06FF23A1E36FCD100F17971 /* FifthViewController.m in Sources */,
				C0AB80C51E31F56000B1AD07 /* main.m in Sources */,
				C06FF23F1E36FCFA00F17971 /* SixthViewController.m in Sources */,
			);
			runOnlyForDeploymentPostprocessing = 0;
		};
		C0AB80D51E31F56100B1AD07 /* Sources */ = {
			isa = PBXSourcesBuildPhase;
			buildActionMask = 2147483647;
			files = (
				C0AB80DE1E31F56100B1AD07 /* MO_Tests.m in Sources */,
			);
			runOnlyForDeploymentPostprocessing = 0;
		};
		C0AB80E01E31F56100B1AD07 /* Sources */ = {
			isa = PBXSourcesBuildPhase;
			buildActionMask = 2147483647;
			files = (
				C0AB80E91E31F56100B1AD07 /* MO_UITests.m in Sources */,
			);
			runOnlyForDeploymentPostprocessing = 0;
		};
/* End PBXSourcesBuildPhase section */

/* Begin PBXTargetDependency section */
		C0AB80DB1E31F56100B1AD07 /* PBXTargetDependency */ = {
			isa = PBXTargetDependency;
			target = C0AB80BF1E31F56000B1AD07 /* MO勘 */;
			targetProxy = C0AB80DA1E31F56100B1AD07 /* PBXContainerItemProxy */;
		};
		C0AB80E61E31F56100B1AD07 /* PBXTargetDependency */ = {
			isa = PBXTargetDependency;
			target = C0AB80BF1E31F56000B1AD07 /* MO勘 */;
			targetProxy = C0AB80E51E31F56100B1AD07 /* PBXContainerItemProxy */;
		};
/* End PBXTargetDependency section */

/* Begin PBXVariantGroup section */
		C0AB80CC1E31F56100B1AD07 /* Main.storyboard */ = {
			isa = PBXVariantGroup;
			children = (
				C0AB80CD1E31F56100B1AD07 /* Base */,
			);
			name = Main.storyboard;
			sourceTree = "<group>";
		};
		C0AB80D11E31F56100B1AD07 /* LaunchScreen.storyboard */ = {
			isa = PBXVariantGroup;
			children = (
				C0AB80D21E31F56100B1AD07 /* Base */,
			);
			name = LaunchScreen.storyboard;
			sourceTree = "<group>";
		};
/* End PBXVariantGroup section */

/* Begin XCBuildConfiguration section */
		C0AB80EB1E31F56100B1AD07 /* Debug */ = {
			isa = XCBuildConfiguration;
			buildSettings = {
				ALWAYS_SEARCH_USER_PATHS = NO;
				CLANG_ANALYZER_NONNULL = YES;
				CLANG_CXX_LANGUAGE_STANDARD = "gnu++0x";
				CLANG_CXX_LIBRARY = "libc++";
				CLANG_ENABLE_MODULES = YES;
				CLANG_ENABLE_OBJC_ARC = YES;
				CLANG_WARN_BOOL_CONVERSION = YES;
				CLANG_WARN_CONSTANT_CONVERSION = YES;
				CLANG_WARN_DIRECT_OBJC_ISA_USAGE = YES_ERROR;
				CLANG_WARN_DOCUMENTATION_COMMENTS = YES;
				CLANG_WARN_EMPTY_BODY = YES;
				CLANG_WARN_ENUM_CONVERSION = YES;
				CLANG_WARN_INFINITE_RECURSION = YES;
				CLANG_WARN_INT_CONVERSION = YES;
				CLANG_WARN_OBJC_ROOT_CLASS = YES_ERROR;
				CLANG_WARN_SUSPICIOUS_MOVES = YES;
				CLANG_WARN_UNREACHABLE_CODE = YES;
				CLANG_WARN__DUPLICATE_METHOD_MATCH = YES;
				"CODE_SIGN_IDENTITY[sdk=iphoneos*]" = "iPhone Developer";
				COPY_PHASE_STRIP = NO;
				DEBUG_INFORMATION_FORMAT = dwarf;
				ENABLE_STRICT_OBJC_MSGSEND = YES;
				ENABLE_TESTABILITY = YES;
				GCC_C_LANGUAGE_STANDARD = gnu99;
				GCC_DYNAMIC_NO_PIC = NO;
				GCC_NO_COMMON_BLOCKS = YES;
				GCC_OPTIMIZATION_LEVEL = 0;
				GCC_PREPROCESSOR_DEFINITIONS = (
					"DEBUG=1",
					"$(inherited)",
				);
				GCC_WARN_64_TO_32_BIT_CONVERSION = YES;
				GCC_WARN_ABOUT_RETURN_TYPE = YES_ERROR;
				GCC_WARN_UNDECLARED_SELECTOR = YES;
				GCC_WARN_UNINITIALIZED_AUTOS = YES_AGGRESSIVE;
				GCC_WARN_UNUSED_FUNCTION = YES;
				GCC_WARN_UNUSED_VARIABLE = YES;
				IPHONEOS_DEPLOYMENT_TARGET = 10.1;
				MTL_ENABLE_DEBUG_INFO = YES;
				ONLY_ACTIVE_ARCH = YES;
				SDKROOT = iphoneos;
				TARGETED_DEVICE_FAMILY = 2;
			};
			name = Debug;
		};
		C0AB80EC1E31F56100B1AD07 /* Release */ = {
			isa = XCBuildConfiguration;
			buildSettings = {
				ALWAYS_SEARCH_USER_PATHS = NO;
				CLANG_ANALYZER_NONNULL = YES;
				CLANG_CXX_LANGUAGE_STANDARD = "gnu++0x";
				CLANG_CXX_LIBRARY = "libc++";
				CLANG_ENABLE_MODULES = YES;
				CLANG_ENABLE_OBJC_ARC = YES;
				CLANG_WARN_BOOL_CONVERSION = YES;
				CLANG_WARN_CONSTANT_CONVERSION = YES;
				CLANG_WARN_DIRECT_OBJC_ISA_USAGE = YES_ERROR;
				CLANG_WARN_DOCUMENTATION_COMMENTS = YES;
				CLANG_WARN_EMPTY_BODY = YES;
				CLANG_WARN_ENUM_CONVERSION = YES;
				CLANG_WARN_INFINITE_RECURSION = YES;
				CLANG_WARN_INT_CONVERSION = YES;
				CLANG_WARN_OBJC_ROOT_CLASS = YES_ERROR;
				CLANG_WARN_SUSPICIOUS_MOVES = YES;
				CLANG_WARN_UNREACHABLE_CODE = YES;
				CLANG_WARN__DUPLICATE_METHOD_MATCH = YES;
				"CODE_SIGN_IDENTITY[sdk=iphoneos*]" = "iPhone Developer";
				COPY_PHASE_STRIP = NO;
				DEBUG_INFORMATION_FORMAT = "dwarf-with-dsym";
				ENABLE_NS_ASSERTIONS = NO;
				ENABLE_STRICT_OBJC_MSGSEND = YES;
				GCC_C_LANGUAGE_STANDARD = gnu99;
				GCC_NO_COMMON_BLOCKS = YES;
				GCC_WARN_64_TO_32_BIT_CONVERSION = YES;
				GCC_WARN_ABOUT_RETURN_TYPE = YES_ERROR;
				GCC_WARN_UNDECLARED_SELECTOR = YES;
				GCC_WARN_UNINITIALIZED_AUTOS = YES_AGGRESSIVE;
				GCC_WARN_UNUSED_FUNCTION = YES;
				GCC_WARN_UNUSED_VARIABLE = YES;
				IPHONEOS_DEPLOYMENT_TARGET = 10.1;
				MTL_ENABLE_DEBUG_INFO = NO;
				SDKROOT = iphoneos;
				TARGETED_DEVICE_FAMILY = 2;
				VALIDATE_PRODUCT = YES;
			};
			name = Release;
		};
		C0AB80EE1E31F56100B1AD07 /* Debug */ = {
			isa = XCBuildConfiguration;
			buildSettings = {
				ASSETCATALOG_COMPILER_APPICON_NAME = AppIcon;
				GCC_PRECOMPILE_PREFIX_HEADER = YES;
				GCC_PREFIX_HEADER = "MO勘/PrefixHeader.pch";
				INFOPLIST_FILE = "MO勘/Info.plist";
				LD_RUNPATH_SEARCH_PATHS = "$(inherited) @executable_path/Frameworks";
				PRODUCT_BUNDLE_IDENTIFIER = "cn.Zeus.MO-";
				PRODUCT_NAME = "$(TARGET_NAME)";
			};
			name = Debug;
		};
		C0AB80EF1E31F56100B1AD07 /* Release */ = {
			isa = XCBuildConfiguration;
			buildSettings = {
				ASSETCATALOG_COMPILER_APPICON_NAME = AppIcon;
				GCC_PRECOMPILE_PREFIX_HEADER = YES;
				GCC_PREFIX_HEADER = "MO勘/PrefixHeader.pch";
				INFOPLIST_FILE = "MO勘/Info.plist";
				LD_RUNPATH_SEARCH_PATHS = "$(inherited) @executable_path/Frameworks";
				PRODUCT_BUNDLE_IDENTIFIER = "cn.Zeus.MO-";
				PRODUCT_NAME = "$(TARGET_NAME)";
			};
			name = Release;
		};
		C0AB80F11E31F56100B1AD07 /* Debug */ = {
			isa = XCBuildConfiguration;
			buildSettings = {
				BUNDLE_LOADER = "$(TEST_HOST)";
				INFOPLIST_FILE = "MO勘Tests/Info.plist";
				LD_RUNPATH_SEARCH_PATHS = "$(inherited) @executable_path/Frameworks @loader_path/Frameworks";
				PRODUCT_BUNDLE_IDENTIFIER = "cn.Zeus.MO-Tests";
				PRODUCT_NAME = "$(TARGET_NAME)";
				TEST_HOST = "$(BUILT_PRODUCTS_DIR)/MO勘.app/MO勘";
			};
			name = Debug;
		};
		C0AB80F21E31F56100B1AD07 /* Release */ = {
			isa = XCBuildConfiguration;
			buildSettings = {
				BUNDLE_LOADER = "$(TEST_HOST)";
				INFOPLIST_FILE = "MO勘Tests/Info.plist";
				LD_RUNPATH_SEARCH_PATHS = "$(inherited) @executable_path/Frameworks @loader_path/Frameworks";
				PRODUCT_BUNDLE_IDENTIFIER = "cn.Zeus.MO-Tests";
				PRODUCT_NAME = "$(TARGET_NAME)";
				TEST_HOST = "$(BUILT_PRODUCTS_DIR)/MO勘.app/MO勘";
			};
			name = Release;
		};
		C0AB80F41E31F56100B1AD07 /* Debug */ = {
			isa = XCBuildConfiguration;
			buildSettings = {
				INFOPLIST_FILE = "MO勘UITests/Info.plist";
				LD_RUNPATH_SEARCH_PATHS = "$(inherited) @executable_path/Frameworks @loader_path/Frameworks";
				PRODUCT_BUNDLE_IDENTIFIER = "cn.Zeus.MO-UITests";
				PRODUCT_NAME = "$(TARGET_NAME)";
				TEST_TARGET_NAME = "MO勘";
			};
			name = Debug;
		};
		C0AB80F51E31F56100B1AD07 /* Release */ = {
			isa = XCBuildConfiguration;
			buildSettings = {
				INFOPLIST_FILE = "MO勘UITests/Info.plist";
				LD_RUNPATH_SEARCH_PATHS = "$(inherited) @executable_path/Frameworks @loader_path/Frameworks";
				PRODUCT_BUNDLE_IDENTIFIER = "cn.Zeus.MO-UITests";
				PRODUCT_NAME = "$(TARGET_NAME)";
				TEST_TARGET_NAME = "MO勘";
			};
			name = Release;
		};
/* End XCBuildConfiguration section */

/* Begin XCConfigurationList section */
		C0AB80BB1E31F56000B1AD07 /* Build configuration list for PBXProject "MO勘" */ = {
			isa = XCConfigurationList;
			buildConfigurations = (
				C0AB80EB1E31F56100B1AD07 /* Debug */,
				C0AB80EC1E31F56100B1AD07 /* Release */,
			);
			defaultConfigurationIsVisible = 0;
			defaultConfigurationName = Release;
		};
		C0AB80ED1E31F56100B1AD07 /* Build configuration list for PBXNativeTarget "MO勘" */ = {
			isa = XCConfigurationList;
			buildConfigurations = (
				C0AB80EE1E31F56100B1AD07 /* Debug */,
				C0AB80EF1E31F56100B1AD07 /* Release */,
			);
			defaultConfigurationIsVisible = 0;
			defaultConfigurationName = Release;
		};
		C0AB80F01E31F56100B1AD07 /* Build configuration list for PBXNativeTarget "MO勘Tests" */ = {
			isa = XCConfigurationList;
			buildConfigurations = (
				C0AB80F11E31F56100B1AD07 /* Debug */,
				C0AB80F21E31F56100B1AD07 /* Release */,
			);
			defaultConfigurationIsVisible = 0;
			defaultConfigurationName = Release;
		};
		C0AB80F31E31F56100B1AD07 /* Build configuration list for PBXNativeTarget "MO勘UITests" */ = {
			isa = XCConfigurationList;
			buildConfigurations = (
				C0AB80F41E31F56100B1AD07 /* Debug */,
				C0AB80F51E31F56100B1AD07 /* Release */,
			);
			defaultConfigurationIsVisible = 0;
			defaultConfigurationName = Release;
		};
/* End XCConfigurationList section */
	};
	rootObject = C0AB80B81E31F56000B1AD07 /* Project object */;
}
